
Microsoft Visual Studio Solution File, Format Version 12.00
# Visual Studio Version 17
VisualStudioVersion = 17.14.36109.1 d17.14
MinimumVisualStudioVersion = 10.0.40219.1
Project("{FAE04EC0-301F-11D3-BF4B-00C04F79EFBC}") = "1 лаба", "1 лаба\1 лаба.csproj", "{A6BD4A0B-767F-4E1E-82C9-56137A45A5C7}"
EndProject
Global
	GlobalSection(SolutionConfigurationPlatforms) = preSolution
		Debug|Any CPU = Debug|Any CPU
		Release|Any CPU = Release|Any CPU
	EndGlobalSection
	GlobalSection(ProjectConfigurationPlatforms) = postSolution
		{A6BD4A0B-767F-4E1E-82C9-56137A45A5C7}.Debug|Any CPU.ActiveCfg = Debug|Any CPU
		{A6BD4A0B-767F-4E1E-82C9-56137A45A5C7}.Debug|Any CPU.Build.0 = Debug|Any CPU
		{A6BD4A0B-767F-4E1E-82C9-56137A45A5C7}.Release|Any CPU.ActiveCfg = Release|Any CPU
		{A6BD4A0B-767F-4E1E-82C9-56137A45A5C7}.Release|Any CPU.Build.0 = Release|Any CPU
	EndGlobalSection
	GlobalSection(SolutionProperties) = preSolution
		HideSolutionNode = FALSE
	EndGlobalSection
	GlobalSection(ExtensibilityGlobals) = postSolution
		SolutionGuid = {4D75CFC3-759F-4B9B-9272-A07C2B239838}
	EndGlobalSection
EndGlobal
