
Microsoft Visual Studio Solution File, Format Version 12.00
# Visual Studio Version 17
VisualStudioVersion = 17.14.36109.1 d17.14
MinimumVisualStudioVersion = 10.0.40219.1
Project("{FAE04EC0-301F-11D3-BF4B-00C04F79EFBC}") = "Технологии программирования", "Технологии программирования\Технологии программирования.csproj", "{C42F5FED-0C04-4BD3-B8AE-0A8415388308}"
EndProject
Global
	GlobalSection(SolutionConfigurationPlatforms) = preSolution
		Debug|Any CPU = Debug|Any CPU
		Release|Any CPU = Release|Any CPU
	EndGlobalSection
	GlobalSection(ProjectConfigurationPlatforms) = postSolution
		{C42F5FED-0C04-4BD3-B8AE-0A8415388308}.Debug|Any CPU.ActiveCfg = Debug|Any CPU
		{C42F5FED-0C04-4BD3-B8AE-0A8415388308}.Debug|Any CPU.Build.0 = Debug|Any CPU
		{C42F5FED-0C04-4BD3-B8AE-0A8415388308}.Release|Any CPU.ActiveCfg = Release|Any CPU
		{C42F5FED-0C04-4BD3-B8AE-0A8415388308}.Release|Any CPU.Build.0 = Release|Any CPU
	EndGlobalSection
	GlobalSection(SolutionProperties) = preSolution
		HideSolutionNode = FALSE
	EndGlobalSection
	GlobalSection(ExtensibilityGlobals) = postSolution
		SolutionGuid = {A79BC4D8-5C62-49B7-91B3-E7C677B54982}
	EndGlobalSection
EndGlobal
